# This file is automatically @generated by Cargo.
# It is not intended for manual editing.
version = 3

[[package]]
name = "lang-c"
version = "0.14.0"
source = "registry+https://github.com/rust-lang/crates.io-index"
checksum = "28a07abd9aba69140d1bb484d9c05119fe2f834f9e2112f93bd61dff4fed62f6"

[[package]]
name = "uglify"
version = "0.1.0"
dependencies = [
 "lang-c",
]
